{
  "name": "fixture",
  "version": "1.0.0",
  "lockfileVersion": 3,
  "requires": true,
  "packages": {
    "": {
      "name": "fixture",
      "version": "1.0.0",
      "dependencies": {
        "chalk": "5.6.1",
        "debug": "4.4.2",
        "@ctrl/tinycolor": "4.1.1"
      }
    },
    "node_modules/chalk": {
      "version": "5.6.1",
      "resolved": "https://registry.npmjs.org/chalk/-/chalk-5.6.1.tgz"
    },
    "node_modules/debug": {
      "version": "4.4.2",
      "resolved": "https://registry.npmjs.org/debug/-/debug-4.4.2.tgz"
    },
    "node_modules/@ctrl/tinycolor": {
      "version": "4.1.1",
      "resolved": "https://registry.npmjs.org/@ctrl/tinycolor/-/tinycolor-4.1.1.tgz"
    },
    "node_modules/@ctrl/tinycolor/node_modules/lodash": {
      "version": "4.17.21"
    }
  }
}
